
Microsoft Visual Studio Solution File, Format Version 12.00
# Visual Studio 14
VisualStudioVersion = 14.0.25123.0
MinimumVisualStudioVersion = 10.0.40219.1
Project("{FAE04EC0-301F-11D3-BF4B-00C04F79EFBC}") = "01IntroductionToDBApps01", "01IntroductionToDBApps01\01IntroductionToDBApps01.csproj", "{91CC6DD5-5BD1-4397-B50F-B3A858EE3E8B}"
EndProject
Project("{FAE04EC0-301F-11D3-BF4B-00C04F79EFBC}") = "01IntroductionToDBApps02", "01IntroductionToDBApps02\01IntroductionToDBApps02.csproj", "{E2DF5E25-6AF0-4E23-8A0A-71B59F801625}"
EndProject
Global
	GlobalSection(SolutionConfigurationPlatforms) = preSolution
		Debug|Any CPU = Debug|Any CPU
		Release|Any CPU = Release|Any CPU
	EndGlobalSection
	GlobalSection(ProjectConfigurationPlatforms) = postSolution
		{91CC6DD5-5BD1-4397-B50F-B3A858EE3E8B}.Debug|Any CPU.ActiveCfg = Debug|Any CPU
		{91CC6DD5-5BD1-4397-B50F-B3A858EE3E8B}.Debug|Any CPU.Build.0 = Debug|Any CPU
		{91CC6DD5-5BD1-4397-B50F-B3A858EE3E8B}.Release|Any CPU.ActiveCfg = Release|Any CPU
		{91CC6DD5-5BD1-4397-B50F-B3A858EE3E8B}.Release|Any CPU.Build.0 = Release|Any CPU
		{E2DF5E25-6AF0-4E23-8A0A-71B59F801625}.Debug|Any CPU.ActiveCfg = Debug|Any CPU
		{E2DF5E25-6AF0-4E23-8A0A-71B59F801625}.Debug|Any CPU.Build.0 = Debug|Any CPU
		{E2DF5E25-6AF0-4E23-8A0A-71B59F801625}.Release|Any CPU.ActiveCfg = Release|Any CPU
		{E2DF5E25-6AF0-4E23-8A0A-71B59F801625}.Release|Any CPU.Build.0 = Release|Any CPU
	EndGlobalSection
	GlobalSection(SolutionProperties) = preSolution
		HideSolutionNode = FALSE
	EndGlobalSection
EndGlobal
